
Microsoft Visual Studio Solution File, Format Version 12.00
# Visual Studio Version 16
VisualStudioVersion = 16.0.30907.101
MinimumVisualStudioVersion = 10.0.40219.1
Project("{FAE04EC0-301F-11D3-BF4B-00C04F79EFBC}") = "UnityEngine.TestRunner", "UnityEngine.TestRunner.csproj", "{39C4F5DF-C0A2-773C-3804-A9D5D51772BF}"
EndProject
Project("{FAE04EC0-301F-11D3-BF4B-00C04F79EFBC}") = "Unity.Timeline", "Unity.Timeline.csproj", "{EAF066EB-3801-B669-F4CC-34F377DB5962}"
EndProject
Project("{FAE04EC0-301F-11D3-BF4B-00C04F79EFBC}") = "UnityEngine.UI", "UnityEngine.UI.csproj", "{FD1AF097-CC77-226A-58C0-64D7FC2D1F3C}"
EndProject
Project("{FAE04EC0-301F-11D3-BF4B-00C04F79EFBC}") = "Unity.ProBuilder", "Unity.ProBuilder.csproj", "{9C42FA81-285C-1EC1-A6E6-5192C855AC77}"
EndProject
Project("{FAE04EC0-301F-11D3-BF4B-00C04F79EFBC}") = "Unity.TextMeshPro", "Unity.TextMeshPro.csproj", "{2F27146E-811A-E951-DFED-E8E8B0CEF7FB}"
EndProject
Project("{FAE04EC0-301F-11D3-BF4B-00C04F79EFBC}") = "Unity.ProBuilder.Poly2Tri", "Unity.ProBuilder.Poly2Tri.csproj", "{F2D81197-4E32-DDB0-1C0E-C89F48389ED6}"
EndProject
Project("{FAE04EC0-301F-11D3-BF4B-00C04F79EFBC}") = "Assembly-CSharp", "Assembly-CSharp.csproj", "{96699B2F-1265-0E05-9B99-CED2E33FDE90}"
EndProject
Project("{FAE04EC0-301F-11D3-BF4B-00C04F79EFBC}") = "Unity.ProBuilder.KdTree", "Unity.ProBuilder.KdTree.csproj", "{B135F9F3-F0A5-F425-EB37-3A82A9C00097}"
EndProject
Project("{FAE04EC0-301F-11D3-BF4B-00C04F79EFBC}") = "Unity.ProBuilder.Stl", "Unity.ProBuilder.Stl.csproj", "{5230E551-9B1B-A272-DDC0-7FD36CA39765}"
EndProject
Project("{FAE04EC0-301F-11D3-BF4B-00C04F79EFBC}") = "UnityEditor.TestRunner", "UnityEditor.TestRunner.csproj", "{24647099-B24D-28E3-ED91-6BEB3AB024D3}"
EndProject
Project("{FAE04EC0-301F-11D3-BF4B-00C04F79EFBC}") = "Unity.ProBuilder.Editor", "Unity.ProBuilder.Editor.csproj", "{9F3E47E2-7F6B-1F59-A2CA-30ECBCCE3D7A}"
EndProject
Project("{FAE04EC0-301F-11D3-BF4B-00C04F79EFBC}") = "UnityEditor.UI", "UnityEditor.UI.csproj", "{9E8FE87C-2E50-1762-4B30-99537D58046A}"
EndProject
Project("{FAE04EC0-301F-11D3-BF4B-00C04F79EFBC}") = "Unity.Timeline.Editor", "Unity.Timeline.Editor.csproj", "{9E820853-BCEF-3714-8FF0-34166492D484}"
EndProject
Project("{FAE04EC0-301F-11D3-BF4B-00C04F79EFBC}") = "Unity.TextMeshPro.Editor", "Unity.TextMeshPro.Editor.csproj", "{BC10B4F9-A5B4-F6D9-363F-2AA21096391D}"
EndProject
Project("{FAE04EC0-301F-11D3-BF4B-00C04F79EFBC}") = "Unity.CollabProxy.Editor", "Unity.CollabProxy.Editor.csproj", "{51A1F6EE-89F6-5DF4-8834-74F02C0642D7}"
EndProject
Project("{FAE04EC0-301F-11D3-BF4B-00C04F79EFBC}") = "Unity.Rider.Editor", "Unity.Rider.Editor.csproj", "{F5CB2F8A-D91F-C21C-B28F-1ACE119EC759}"
EndProject
Project("{FAE04EC0-301F-11D3-BF4B-00C04F79EFBC}") = "Unity.ProBuilder.AssetIdRemapUtility", "Unity.ProBuilder.AssetIdRemapUtility.csproj", "{98F58F43-9040-E58B-2E8F-E0D1250DCFBE}"
EndProject
Project("{FAE04EC0-301F-11D3-BF4B-00C04F79EFBC}") = "Unity.Settings.Editor", "Unity.Settings.Editor.csproj", "{ED2A9C7E-F517-40D1-1717-8800B9EFDA0D}"
EndProject
Project("{FAE04EC0-301F-11D3-BF4B-00C04F79EFBC}") = "Unity.ProBuilder.AddOns.Editor", "Unity.ProBuilder.AddOns.Editor.csproj", "{71AF54A5-1CB7-141B-5A97-C56493D038DC}"
EndProject
Project("{FAE04EC0-301F-11D3-BF4B-00C04F79EFBC}") = "UnityEngine.TestRunner.Player", "UnityEngine.TestRunner.Player.csproj", "{E6887FB1-AB75-70EA-DA6B-020922070DB5}"
EndProject
Project("{FAE04EC0-301F-11D3-BF4B-00C04F79EFBC}") = "Unity.Timeline.Player", "Unity.Timeline.Player.csproj", "{CA465DB9-B09D-20E0-5634-5690EA129056}"
EndProject
Project("{FAE04EC0-301F-11D3-BF4B-00C04F79EFBC}") = "UnityEngine.UI.Player", "UnityEngine.UI.Player.csproj", "{89137BE3-8BAB-A9CD-2F0A-697D9E3A4925}"
EndProject
Project("{FAE04EC0-301F-11D3-BF4B-00C04F79EFBC}") = "Unity.ProBuilder.Player", "Unity.ProBuilder.Player.csproj", "{7D9909A4-678B-7014-1437-452D34095771}"
EndProject
Project("{FAE04EC0-301F-11D3-BF4B-00C04F79EFBC}") = "Unity.TextMeshPro.Player", "Unity.TextMeshPro.Player.csproj", "{8021546B-D1ED-5D2E-F622-0642CA121B81}"
EndProject
Project("{FAE04EC0-301F-11D3-BF4B-00C04F79EFBC}") = "Unity.ProBuilder.Poly2Tri.Player", "Unity.ProBuilder.Poly2Tri.Player.csproj", "{6F3C3351-92D5-8C01-8855-10C87EEC8FCF}"
EndProject
Project("{FAE04EC0-301F-11D3-BF4B-00C04F79EFBC}") = "Assembly-CSharp.Player", "Assembly-CSharp.Player.csproj", "{3D4AF78C-824A-EA9E-905C-0B70AB9A1C1F}"
EndProject
Project("{FAE04EC0-301F-11D3-BF4B-00C04F79EFBC}") = "Unity.ProBuilder.KdTree.Player", "Unity.ProBuilder.KdTree.Player.csproj", "{6A5BD3B5-0BC5-CCB3-A0A0-3FA21D6D4641}"
EndProject
Project("{FAE04EC0-301F-11D3-BF4B-00C04F79EFBC}") = "Unity.ProBuilder.Stl.Player", "Unity.ProBuilder.Stl.Player.csproj", "{64199362-BE82-2826-CD1E-6034A071396E}"
EndProject
Global
	GlobalSection(SolutionConfigurationPlatforms) = preSolution
		Debug|Any CPU = Debug|Any CPU
		Release|Any CPU = Release|Any CPU
	EndGlobalSection
	GlobalSection(ProjectConfigurationPlatforms) = postSolution
		{39C4F5DF-C0A2-773C-3804-A9D5D51772BF}.Debug|Any CPU.ActiveCfg = Debug|Any CPU
		{39C4F5DF-C0A2-773C-3804-A9D5D51772BF}.Debug|Any CPU.Build.0 = Debug|Any CPU
		{39C4F5DF-C0A2-773C-3804-A9D5D51772BF}.Release|Any CPU.ActiveCfg = Release|Any CPU
		{39C4F5DF-C0A2-773C-3804-A9D5D51772BF}.Release|Any CPU.Build.0 = Release|Any CPU
		{EAF066EB-3801-B669-F4CC-34F377DB5962}.Debug|Any CPU.ActiveCfg = Debug|Any CPU
		{EAF066EB-3801-B669-F4CC-34F377DB5962}.Debug|Any CPU.Build.0 = Debug|Any CPU
		{EAF066EB-3801-B669-F4CC-34F377DB5962}.Release|Any CPU.ActiveCfg = Release|Any CPU
		{EAF066EB-3801-B669-F4CC-34F377DB5962}.Release|Any CPU.Build.0 = Release|Any CPU
		{FD1AF097-CC77-226A-58C0-64D7FC2D1F3C}.Debug|Any CPU.ActiveCfg = Debug|Any CPU
		{FD1AF097-CC77-226A-58C0-64D7FC2D1F3C}.Debug|Any CPU.Build.0 = Debug|Any CPU
		{FD1AF097-CC77-226A-58C0-64D7FC2D1F3C}.Release|Any CPU.ActiveCfg = Release|Any CPU
		{FD1AF097-CC77-226A-58C0-64D7FC2D1F3C}.Release|Any CPU.Build.0 = Release|Any CPU
		{9C42FA81-285C-1EC1-A6E6-5192C855AC77}.Debug|Any CPU.ActiveCfg = Debug|Any CPU
		{9C42FA81-285C-1EC1-A6E6-5192C855AC77}.Debug|Any CPU.Build.0 = Debug|Any CPU
		{9C42FA81-285C-1EC1-A6E6-5192C855AC77}.Release|Any CPU.ActiveCfg = Release|Any CPU
		{9C42FA81-285C-1EC1-A6E6-5192C855AC77}.Release|Any CPU.Build.0 = Release|Any CPU
		{2F27146E-811A-E951-DFED-E8E8B0CEF7FB}.Debug|Any CPU.ActiveCfg = Debug|Any CPU
		{2F27146E-811A-E951-DFED-E8E8B0CEF7FB}.Debug|Any CPU.Build.0 = Debug|Any CPU
		{2F27146E-811A-E951-DFED-E8E8B0CEF7FB}.Release|Any CPU.ActiveCfg = Release|Any CPU
		{2F27146E-811A-E951-DFED-E8E8B0CEF7FB}.Release|Any CPU.Build.0 = Release|Any CPU
		{F2D81197-4E32-DDB0-1C0E-C89F48389ED6}.Debug|Any CPU.ActiveCfg = Debug|Any CPU
		{F2D81197-4E32-DDB0-1C0E-C89F48389ED6}.Debug|Any CPU.Build.0 = Debug|Any CPU
		{F2D81197-4E32-DDB0-1C0E-C89F48389ED6}.Release|Any CPU.ActiveCfg = Release|Any CPU
		{F2D81197-4E32-DDB0-1C0E-C89F48389ED6}.Release|Any CPU.Build.0 = Release|Any CPU
		{96699B2F-1265-0E05-9B99-CED2E33FDE90}.Debug|Any CPU.ActiveCfg = Debug|Any CPU
		{96699B2F-1265-0E05-9B99-CED2E33FDE90}.Debug|Any CPU.Build.0 = Debug|Any CPU
		{96699B2F-1265-0E05-9B99-CED2E33FDE90}.Release|Any CPU.ActiveCfg = Release|Any CPU
		{96699B2F-1265-0E05-9B99-CED2E33FDE90}.Release|Any CPU.Build.0 = Release|Any CPU
		{B135F9F3-F0A5-F425-EB37-3A82A9C00097}.Debug|Any CPU.ActiveCfg = Debug|Any CPU
		{B135F9F3-F0A5-F425-EB37-3A82A9C00097}.Debug|Any CPU.Build.0 = Debug|Any CPU
		{B135F9F3-F0A5-F425-EB37-3A82A9C00097}.Release|Any CPU.ActiveCfg = Release|Any CPU
		{B135F9F3-F0A5-F425-EB37-3A82A9C00097}.Release|Any CPU.Build.0 = Release|Any CPU
		{5230E551-9B1B-A272-DDC0-7FD36CA39765}.Debug|Any CPU.ActiveCfg = Debug|Any CPU
		{5230E551-9B1B-A272-DDC0-7FD36CA39765}.Debug|Any CPU.Build.0 = Debug|Any CPU
		{5230E551-9B1B-A272-DDC0-7FD36CA39765}.Release|Any CPU.ActiveCfg = Release|Any CPU
		{5230E551-9B1B-A272-DDC0-7FD36CA39765}.Release|Any CPU.Build.0 = Release|Any CPU
		{24647099-B24D-28E3-ED91-6BEB3AB024D3}.Debug|Any CPU.ActiveCfg = Debug|Any CPU
		{24647099-B24D-28E3-ED91-6BEB3AB024D3}.Debug|Any CPU.Build.0 = Debug|Any CPU
		{24647099-B24D-28E3-ED91-6BEB3AB024D3}.Release|Any CPU.ActiveCfg = Release|Any CPU
		{24647099-B24D-28E3-ED91-6BEB3AB024D3}.Release|Any CPU.Build.0 = Release|Any CPU
		{9F3E47E2-7F6B-1F59-A2CA-30ECBCCE3D7A}.Debug|Any CPU.ActiveCfg = Debug|Any CPU
		{9F3E47E2-7F6B-1F59-A2CA-30ECBCCE3D7A}.Debug|Any CPU.Build.0 = Debug|Any CPU
		{9F3E47E2-7F6B-1F59-A2CA-30ECBCCE3D7A}.Release|Any CPU.ActiveCfg = Release|Any CPU
		{9F3E47E2-7F6B-1F59-A2CA-30ECBCCE3D7A}.Release|Any CPU.Build.0 = Release|Any CPU
		{9E8FE87C-2E50-1762-4B30-99537D58046A}.Debug|Any CPU.ActiveCfg = Debug|Any CPU
		{9E8FE87C-2E50-1762-4B30-99537D58046A}.Debug|Any CPU.Build.0 = Debug|Any CPU
		{9E8FE87C-2E50-1762-4B30-99537D58046A}.Release|Any CPU.ActiveCfg = Release|Any CPU
		{9E8FE87C-2E50-1762-4B30-99537D58046A}.Release|Any CPU.Build.0 = Release|Any CPU
		{9E820853-BCEF-3714-8FF0-34166492D484}.Debug|Any CPU.ActiveCfg = Debug|Any CPU
		{9E820853-BCEF-3714-8FF0-34166492D484}.Debug|Any CPU.Build.0 = Debug|Any CPU
		{9E820853-BCEF-3714-8FF0-34166492D484}.Release|Any CPU.ActiveCfg = Release|Any CPU
		{9E820853-BCEF-3714-8FF0-34166492D484}.Release|Any CPU.Build.0 = Release|Any CPU
		{BC10B4F9-A5B4-F6D9-363F-2AA21096391D}.Debug|Any CPU.ActiveCfg = Debug|Any CPU
		{BC10B4F9-A5B4-F6D9-363F-2AA21096391D}.Debug|Any CPU.Build.0 = Debug|Any CPU
		{BC10B4F9-A5B4-F6D9-363F-2AA21096391D}.Release|Any CPU.ActiveCfg = Release|Any CPU
		{BC10B4F9-A5B4-F6D9-363F-2AA21096391D}.Release|Any CPU.Build.0 = Release|Any CPU
		{51A1F6EE-89F6-5DF4-8834-74F02C0642D7}.Debug|Any CPU.ActiveCfg = Debug|Any CPU
		{51A1F6EE-89F6-5DF4-8834-74F02C0642D7}.Debug|Any CPU.Build.0 = Debug|Any CPU
		{51A1F6EE-89F6-5DF4-8834-74F02C0642D7}.Release|Any CPU.ActiveCfg = Release|Any CPU
		{51A1F6EE-89F6-5DF4-8834-74F02C0642D7}.Release|Any CPU.Build.0 = Release|Any CPU
		{F5CB2F8A-D91F-C21C-B28F-1ACE119EC759}.Debug|Any CPU.ActiveCfg = Debug|Any CPU
		{F5CB2F8A-D91F-C21C-B28F-1ACE119EC759}.Debug|Any CPU.Build.0 = Debug|Any CPU
		{F5CB2F8A-D91F-C21C-B28F-1ACE119EC759}.Release|Any CPU.ActiveCfg = Release|Any CPU
		{F5CB2F8A-D91F-C21C-B28F-1ACE119EC759}.Release|Any CPU.Build.0 = Release|Any CPU
		{98F58F43-9040-E58B-2E8F-E0D1250DCFBE}.Debug|Any CPU.ActiveCfg = Debug|Any CPU
		{98F58F43-9040-E58B-2E8F-E0D1250DCFBE}.Debug|Any CPU.Build.0 = Debug|Any CPU
		{98F58F43-9040-E58B-2E8F-E0D1250DCFBE}.Release|Any CPU.ActiveCfg = Release|Any CPU
		{98F58F43-9040-E58B-2E8F-E0D1250DCFBE}.Release|Any CPU.Build.0 = Release|Any CPU
		{ED2A9C7E-F517-40D1-1717-8800B9EFDA0D}.Debug|Any CPU.ActiveCfg = Debug|Any CPU
		{ED2A9C7E-F517-40D1-1717-8800B9EFDA0D}.Debug|Any CPU.Build.0 = Debug|Any CPU
		{ED2A9C7E-F517-40D1-1717-8800B9EFDA0D}.Release|Any CPU.ActiveCfg = Release|Any CPU
		{ED2A9C7E-F517-40D1-1717-8800B9EFDA0D}.Release|Any CPU.Build.0 = Release|Any CPU
		{71AF54A5-1CB7-141B-5A97-C56493D038DC}.Debug|Any CPU.ActiveCfg = Debug|Any CPU
		{71AF54A5-1CB7-141B-5A97-C56493D038DC}.Debug|Any CPU.Build.0 = Debug|Any CPU
		{71AF54A5-1CB7-141B-5A97-C56493D038DC}.Release|Any CPU.ActiveCfg = Release|Any CPU
		{71AF54A5-1CB7-141B-5A97-C56493D038DC}.Release|Any CPU.Build.0 = Release|Any CPU
		{E6887FB1-AB75-70EA-DA6B-020922070DB5}.Debug|Any CPU.ActiveCfg = Debug|Any CPU
		{E6887FB1-AB75-70EA-DA6B-020922070DB5}.Debug|Any CPU.Build.0 = Debug|Any CPU
		{E6887FB1-AB75-70EA-DA6B-020922070DB5}.Release|Any CPU.ActiveCfg = Release|Any CPU
		{E6887FB1-AB75-70EA-DA6B-020922070DB5}.Release|Any CPU.Build.0 = Release|Any CPU
		{CA465DB9-B09D-20E0-5634-5690EA129056}.Debug|Any CPU.ActiveCfg = Debug|Any CPU
		{CA465DB9-B09D-20E0-5634-5690EA129056}.Debug|Any CPU.Build.0 = Debug|Any CPU
		{CA465DB9-B09D-20E0-5634-5690EA129056}.Release|Any CPU.ActiveCfg = Release|Any CPU
		{CA465DB9-B09D-20E0-5634-5690EA129056}.Release|Any CPU.Build.0 = Release|Any CPU
		{89137BE3-8BAB-A9CD-2F0A-697D9E3A4925}.Debug|Any CPU.ActiveCfg = Debug|Any CPU
		{89137BE3-8BAB-A9CD-2F0A-697D9E3A4925}.Debug|Any CPU.Build.0 = Debug|Any CPU
		{89137BE3-8BAB-A9CD-2F0A-697D9E3A4925}.Release|Any CPU.ActiveCfg = Release|Any CPU
		{89137BE3-8BAB-A9CD-2F0A-697D9E3A4925}.Release|Any CPU.Build.0 = Release|Any CPU
		{7D9909A4-678B-7014-1437-452D34095771}.Debug|Any CPU.ActiveCfg = Debug|Any CPU
		{7D9909A4-678B-7014-1437-452D34095771}.Debug|Any CPU.Build.0 = Debug|Any CPU
		{7D9909A4-678B-7014-1437-452D34095771}.Release|Any CPU.ActiveCfg = Release|Any CPU
		{7D9909A4-678B-7014-1437-452D34095771}.Release|Any CPU.Build.0 = Release|Any CPU
		{8021546B-D1ED-5D2E-F622-0642CA121B81}.Debug|Any CPU.ActiveCfg = Debug|Any CPU
		{8021546B-D1ED-5D2E-F622-0642CA121B81}.Debug|Any CPU.Build.0 = Debug|Any CPU
		{8021546B-D1ED-5D2E-F622-0642CA121B81}.Release|Any CPU.ActiveCfg = Release|Any CPU
		{8021546B-D1ED-5D2E-F622-0642CA121B81}.Release|Any CPU.Build.0 = Release|Any CPU
		{6F3C3351-92D5-8C01-8855-10C87EEC8FCF}.Debug|Any CPU.ActiveCfg = Debug|Any CPU
		{6F3C3351-92D5-8C01-8855-10C87EEC8FCF}.Debug|Any CPU.Build.0 = Debug|Any CPU
		{6F3C3351-92D5-8C01-8855-10C87EEC8FCF}.Release|Any CPU.ActiveCfg = Release|Any CPU
		{6F3C3351-92D5-8C01-8855-10C87EEC8FCF}.Release|Any CPU.Build.0 = Release|Any CPU
		{3D4AF78C-824A-EA9E-905C-0B70AB9A1C1F}.Debug|Any CPU.ActiveCfg = Debug|Any CPU
		{3D4AF78C-824A-EA9E-905C-0B70AB9A1C1F}.Debug|Any CPU.Build.0 = Debug|Any CPU
		{3D4AF78C-824A-EA9E-905C-0B70AB9A1C1F}.Release|Any CPU.ActiveCfg = Release|Any CPU
		{3D4AF78C-824A-EA9E-905C-0B70AB9A1C1F}.Release|Any CPU.Build.0 = Release|Any CPU
		{6A5BD3B5-0BC5-CCB3-A0A0-3FA21D6D4641}.Debug|Any CPU.ActiveCfg = Debug|Any CPU
		{6A5BD3B5-0BC5-CCB3-A0A0-3FA21D6D4641}.Debug|Any CPU.Build.0 = Debug|Any CPU
		{6A5BD3B5-0BC5-CCB3-A0A0-3FA21D6D4641}.Release|Any CPU.ActiveCfg = Release|Any CPU
		{6A5BD3B5-0BC5-CCB3-A0A0-3FA21D6D4641}.Release|Any CPU.Build.0 = Release|Any CPU
		{64199362-BE82-2826-CD1E-6034A071396E}.Debug|Any CPU.ActiveCfg = Debug|Any CPU
		{64199362-BE82-2826-CD1E-6034A071396E}.Debug|Any CPU.Build.0 = Debug|Any CPU
		{64199362-BE82-2826-CD1E-6034A071396E}.Release|Any CPU.ActiveCfg = Release|Any CPU
		{64199362-BE82-2826-CD1E-6034A071396E}.Release|Any CPU.Build.0 = Release|Any CPU
	EndGlobalSection
	GlobalSection(SolutionProperties) = preSolution
		HideSolutionNode = FALSE
	EndGlobalSection
	GlobalSection(ExtensibilityGlobals) = postSolution
		SolutionGuid = {25D9F045-9560-4F8F-A5C9-CAC12CC8ADD6}
	EndGlobalSection
EndGlobal
